{
    "_meta": {
        "hash": {
            "sha256": "aea12e8fdb887318b2378c2d48bfab265519144d5ca0b2c69817fceca33269cc"
        },
        "pipfile-spec": 6,
        "requires": {
            "python_version": "3.7"
        },
        "sources": [
            {
                "name": "pypi",
                "url": "https://pypi.org/simple",
                "verify_ssl": true
            }
        ]
    },
    "default": {
        "ortools": {
            "hashes": [
                "sha256:4ccb87b18f771adcbcdb4d580f23faab3f69ecc6b44a77502f229a0a207d104a",
                "sha256:514f1ecfdd90372caba9d7e6e910ee0e530ca0aeee3fdeac0ea2648c2f3ed3be",
                "sha256:5536de9892729b6ffbf55ad7a1bdc92c599c17bd6ebe31fff02f981c18c8db7b",
                "sha256:6f45cf972a4194350566c141761fba21ab0d4ee88ecf47f1f46d0c6465263e3b",
                "sha256:7090a9b368c090cb6bde35d4b04f4a755c25005ab7b577949868efdc90edc4ab",
                "sha256:71c318bdac89bbeae83ec81ded3e7e82ae4597398efecf38cd69672feec2580d",
                "sha256:7a83ea7254a4d8371d0a0c99f479297ec9db9927cec2cc81ba6c896b3b963591",
                "sha256:84c9af9014720c2257e7b68123a14f63464bcf558143f673113679a8a14b9534",
                "sha256:882cfeedd78908e0ee4419834c73f444c412b4f0ac987057b1b2bce35a383b9a",
                "sha256:8ebd542cec43184aa49a8836105d0f16b877907930f061d646e5e010aa985ca5",
                "sha256:a1e5dbecdd98207582e2ed5152028affa00531c60c940c616ca2edb832407c07",
                "sha256:e2e61054bbe87e9a67466610a60371c22a438cbc37fefbc7309fb93756de79cb"
            ],
            "index": "pypi",
            "version": "==6.10.6025"
        },
        "protobuf": {
            "hashes": [
                "sha256:0bae429443cc4748be2aadfdaf9633297cfaeb24a9a02d0ab15849175ce90fab",
                "sha256:24e3b6ad259544d717902777b33966a1a069208c885576254c112663e6a5bb0f",
                "sha256:310a7aca6e7f257510d0c750364774034272538d51796ca31d42c3925d12a52a",
                "sha256:52e586072612c1eec18e1174f8e3bb19d08f075fc2e3f91d3b16c919078469d0",
                "sha256:73152776dc75f335c476d11d52ec6f0f6925774802cd48d6189f4d5d7fe753f4",
                "sha256:7774bbbaac81d3ba86de646c39f154afc8156717972bf0450c9dbfa1dc8dbea2",
                "sha256:82d7ac987715d8d1eb4068bf997f3053468e0ce0287e2729c30601feb6602fee",
                "sha256:8eb9c93798b904f141d9de36a0ba9f9b73cc382869e67c9e642c0aba53b0fc07",
                "sha256:adf0e4d57b33881d0c63bb11e7f9038f98ee0c3e334c221f0858f826e8fb0151",
                "sha256:c40973a0aee65422d8cb4e7d7cbded95dfeee0199caab54d5ab25b63bce8135a",
                "sha256:c77c974d1dadf246d789f6dad1c24426137c9091e930dbf50e0a29c1fcf00b1f",
                "sha256:dd9aa4401c36785ea1b6fff0552c674bdd1b641319cb07ed1fe2392388e9b0d7",
                "sha256:e11df1ac6905e81b815ab6fd518e79be0a58b5dc427a2cf7208980f30694b956",
                "sha256:e2f8a75261c26b2f5f3442b0525d50fd79a71aeca04b5ec270fc123536188306",
                "sha256:e512b7f3a4dd780f59f1bf22c302740e27b10b5c97e858a6061772668cd6f961",
                "sha256:ef2c2e56aaf9ee914d3dccc3408d42661aaf7d9bb78eaa8f17b2e6282f214481",
                "sha256:fac513a9dc2a74b99abd2e17109b53945e364649ca03d9f7a0b96aa8d1807d0a",
                "sha256:fdfb6ad138dbbf92b5dbea3576d7c8ba7463173f7d2cb0ca1bd336ec88ddbd80"
            ],
            "version": "==3.11.3"
        },
        "pygraphviz": {
            "hashes": [
                "sha256:50a829a305dc5a0fd1f9590748b19fece756093b581ac91e00c2c27c651d319d"
            ],
            "index": "pypi",
            "version": "==1.5"
        },
        "pyyaml": {
            "hashes": [
                "sha256:1adecc22f88d38052fb787d959f003811ca858b799590a5eaa70e63dca50308c",
                "sha256:436bc774ecf7c103814098159fbb84c2715d25980175292c648f2da143909f95",
                "sha256:460a5a4248763f6f37ea225d19d5c205677d8d525f6a83357ca622ed541830c2",
                "sha256:5a22a9c84653debfbf198d02fe592c176ea548cccce47553f35f466e15cf2fd4",
                "sha256:7a5d3f26b89d688db27822343dfa25c599627bc92093e788956372285c6298ad",
                "sha256:9372b04a02080752d9e6f990179a4ab840227c6e2ce15b95e1278456664cf2ba",
                "sha256:a5dcbebee834eaddf3fa7366316b880ff4062e4bcc9787b78c7fbb4a26ff2dd1",
                "sha256:aee5bab92a176e7cd034e57f46e9df9a9862a71f8f37cad167c6fc74c65f5b4e",
                "sha256:c51f642898c0bacd335fc119da60baae0824f2cde95b0330b56c0553439f0673",
                "sha256:c68ea4d3ba1705da1e0d85da6684ac657912679a649e8868bd850d2c299cce13",
                "sha256:e23d0cc5299223dcc37885dae624f382297717e459ea24053709675a976a3e19"
            ],
            "index": "pypi",
            "version": "==5.1"
        },
        "six": {
            "hashes": [
                "sha256:236bdbdce46e6e6a3d61a337c0f8b763ca1e8717c03b369e87a7ec7ce1319c0a",
                "sha256:8f3cd2e254d8f793e7f3d6d9df77b92252b52637291d0f0da013c76ea2724b6c"
            ],
            "version": "==1.14.0"
        }
    },
    "develop": {}
}
